
Microsoft Visual Studio Solution File, Format Version 12.00
# Visual Studio Version 16
VisualStudioVersion = 16.0.29215.179
MinimumVisualStudioVersion = 10.0.40219.1
Project("{9A19103F-16F7-4668-BE54-9A1E7A4F7556}") = "RabbitMQAzureMetrics", "RabbitMQAzureMetrics\RabbitMQAzureMetrics.csproj", "{705FA9C6-D15D-48E7-94DB-F412C72E8539}"
EndProject
Project("{9A19103F-16F7-4668-BE54-9A1E7A4F7556}") = "RabbitMQAzureMetricsRunner", "RabbitMQAzureMetricsRunner\RabbitMQAzureMetricsRunner.csproj", "{F2B0D00F-B1FF-4D45-9526-C102FE9B1DD8}"
EndProject
Project("{2150E333-8FDC-42A3-9474-1A3956D46DE8}") = "Tests", "Tests", "{7B94DD52-F2D2-4197-BE3D-645183BE95D9}"
EndProject
Project("{9A19103F-16F7-4668-BE54-9A1E7A4F7556}") = "debugerr.Test.Common", "Tests\debugerr.Test.Common\debugerr.Test.Common.csproj", "{5DF8019C-C9FB-4209-AC86-BFD03CD20882}"
EndProject
Project("{9A19103F-16F7-4668-BE54-9A1E7A4F7556}") = "DockerIntegrationTestHelper", "Tests\DockerIntegrationTestHelper\DockerIntegrationTestHelper.csproj", "{5CA5B800-9195-4932-B835-4A3593275604}"
EndProject
Project("{9A19103F-16F7-4668-BE54-9A1E7A4F7556}") = "RabbitMQAzureMetrics.Test.IntegrationTests", "Tests\RabbitMQAzureMetrics.Test.IntegrationTests\RabbitMQAzureMetrics.Test.IntegrationTests.csproj", "{6CCA4C62-D076-49D1-8A4F-680E720AE5EE}"
EndProject
Project("{9A19103F-16F7-4668-BE54-9A1E7A4F7556}") = "RabbitMQAzureMetrics.Test.UnitTests", "Tests\RabbitMQAzureMetrics.Test.UnitTests\RabbitMQAzureMetrics.Test.UnitTests.csproj", "{8009F28F-81E3-4BEB-9BEC-BC67F7FB742F}"
EndProject
Global
	GlobalSection(SolutionConfigurationPlatforms) = preSolution
		Debug|Any CPU = Debug|Any CPU
		Debug|x64 = Debug|x64
		Debug|x86 = Debug|x86
		Release|Any CPU = Release|Any CPU
		Release|x64 = Release|x64
		Release|x86 = Release|x86
	EndGlobalSection
	GlobalSection(ProjectConfigurationPlatforms) = postSolution
		{705FA9C6-D15D-48E7-94DB-F412C72E8539}.Debug|Any CPU.ActiveCfg = Debug|Any CPU
		{705FA9C6-D15D-48E7-94DB-F412C72E8539}.Debug|Any CPU.Build.0 = Debug|Any CPU
		{705FA9C6-D15D-48E7-94DB-F412C72E8539}.Debug|x64.ActiveCfg = Debug|Any CPU
		{705FA9C6-D15D-48E7-94DB-F412C72E8539}.Debug|x64.Build.0 = Debug|Any CPU
		{705FA9C6-D15D-48E7-94DB-F412C72E8539}.Debug|x86.ActiveCfg = Debug|Any CPU
		{705FA9C6-D15D-48E7-94DB-F412C72E8539}.Debug|x86.Build.0 = Debug|Any CPU
		{705FA9C6-D15D-48E7-94DB-F412C72E8539}.Release|Any CPU.ActiveCfg = Release|Any CPU
		{705FA9C6-D15D-48E7-94DB-F412C72E8539}.Release|Any CPU.Build.0 = Release|Any CPU
		{705FA9C6-D15D-48E7-94DB-F412C72E8539}.Release|x64.ActiveCfg = Release|Any CPU
		{705FA9C6-D15D-48E7-94DB-F412C72E8539}.Release|x64.Build.0 = Release|Any CPU
		{705FA9C6-D15D-48E7-94DB-F412C72E8539}.Release|x86.ActiveCfg = Release|Any CPU
		{705FA9C6-D15D-48E7-94DB-F412C72E8539}.Release|x86.Build.0 = Release|Any CPU
		{F2B0D00F-B1FF-4D45-9526-C102FE9B1DD8}.Debug|Any CPU.ActiveCfg = Debug|Any CPU
		{F2B0D00F-B1FF-4D45-9526-C102FE9B1DD8}.Debug|Any CPU.Build.0 = Debug|Any CPU
		{F2B0D00F-B1FF-4D45-9526-C102FE9B1DD8}.Debug|x64.ActiveCfg = Debug|Any CPU
		{F2B0D00F-B1FF-4D45-9526-C102FE9B1DD8}.Debug|x64.Build.0 = Debug|Any CPU
		{F2B0D00F-B1FF-4D45-9526-C102FE9B1DD8}.Debug|x86.ActiveCfg = Debug|Any CPU
		{F2B0D00F-B1FF-4D45-9526-C102FE9B1DD8}.Debug|x86.Build.0 = Debug|Any CPU
		{F2B0D00F-B1FF-4D45-9526-C102FE9B1DD8}.Release|Any CPU.ActiveCfg = Release|Any CPU
		{F2B0D00F-B1FF-4D45-9526-C102FE9B1DD8}.Release|Any CPU.Build.0 = Release|Any CPU
		{F2B0D00F-B1FF-4D45-9526-C102FE9B1DD8}.Release|x64.ActiveCfg = Release|Any CPU
		{F2B0D00F-B1FF-4D45-9526-C102FE9B1DD8}.Release|x64.Build.0 = Release|Any CPU
		{F2B0D00F-B1FF-4D45-9526-C102FE9B1DD8}.Release|x86.ActiveCfg = Release|Any CPU
		{F2B0D00F-B1FF-4D45-9526-C102FE9B1DD8}.Release|x86.Build.0 = Release|Any CPU
		{5DF8019C-C9FB-4209-AC86-BFD03CD20882}.Debug|Any CPU.ActiveCfg = Debug|Any CPU
		{5DF8019C-C9FB-4209-AC86-BFD03CD20882}.Debug|Any CPU.Build.0 = Debug|Any CPU
		{5DF8019C-C9FB-4209-AC86-BFD03CD20882}.Debug|x64.ActiveCfg = Debug|x64
		{5DF8019C-C9FB-4209-AC86-BFD03CD20882}.Debug|x64.Build.0 = Debug|x64
		{5DF8019C-C9FB-4209-AC86-BFD03CD20882}.Debug|x86.ActiveCfg = Debug|x86
		{5DF8019C-C9FB-4209-AC86-BFD03CD20882}.Debug|x86.Build.0 = Debug|x86
		{5DF8019C-C9FB-4209-AC86-BFD03CD20882}.Release|Any CPU.ActiveCfg = Release|Any CPU
		{5DF8019C-C9FB-4209-AC86-BFD03CD20882}.Release|Any CPU.Build.0 = Release|Any CPU
		{5DF8019C-C9FB-4209-AC86-BFD03CD20882}.Release|x64.ActiveCfg = Release|x64
		{5DF8019C-C9FB-4209-AC86-BFD03CD20882}.Release|x64.Build.0 = Release|x64
		{5DF8019C-C9FB-4209-AC86-BFD03CD20882}.Release|x86.ActiveCfg = Release|x86
		{5DF8019C-C9FB-4209-AC86-BFD03CD20882}.Release|x86.Build.0 = Release|x86
		{5CA5B800-9195-4932-B835-4A3593275604}.Debug|Any CPU.ActiveCfg = Debug|Any CPU
		{5CA5B800-9195-4932-B835-4A3593275604}.Debug|Any CPU.Build.0 = Debug|Any CPU
		{5CA5B800-9195-4932-B835-4A3593275604}.Debug|x64.ActiveCfg = Debug|Any CPU
		{5CA5B800-9195-4932-B835-4A3593275604}.Debug|x64.Build.0 = Debug|Any CPU
		{5CA5B800-9195-4932-B835-4A3593275604}.Debug|x86.ActiveCfg = Debug|Any CPU
		{5CA5B800-9195-4932-B835-4A3593275604}.Debug|x86.Build.0 = Debug|Any CPU
		{5CA5B800-9195-4932-B835-4A3593275604}.Release|Any CPU.ActiveCfg = Release|Any CPU
		{5CA5B800-9195-4932-B835-4A3593275604}.Release|Any CPU.Build.0 = Release|Any CPU
		{5CA5B800-9195-4932-B835-4A3593275604}.Release|x64.ActiveCfg = Release|Any CPU
		{5CA5B800-9195-4932-B835-4A3593275604}.Release|x64.Build.0 = Release|Any CPU
		{5CA5B800-9195-4932-B835-4A3593275604}.Release|x86.ActiveCfg = Release|Any CPU
		{5CA5B800-9195-4932-B835-4A3593275604}.Release|x86.Build.0 = Release|Any CPU
		{6CCA4C62-D076-49D1-8A4F-680E720AE5EE}.Debug|Any CPU.ActiveCfg = Debug|Any CPU
		{6CCA4C62-D076-49D1-8A4F-680E720AE5EE}.Debug|Any CPU.Build.0 = Debug|Any CPU
		{6CCA4C62-D076-49D1-8A4F-680E720AE5EE}.Debug|x64.ActiveCfg = Debug|Any CPU
		{6CCA4C62-D076-49D1-8A4F-680E720AE5EE}.Debug|x64.Build.0 = Debug|Any CPU
		{6CCA4C62-D076-49D1-8A4F-680E720AE5EE}.Debug|x86.ActiveCfg = Debug|Any CPU
		{6CCA4C62-D076-49D1-8A4F-680E720AE5EE}.Debug|x86.Build.0 = Debug|Any CPU
		{6CCA4C62-D076-49D1-8A4F-680E720AE5EE}.Release|Any CPU.ActiveCfg = Release|Any CPU
		{6CCA4C62-D076-49D1-8A4F-680E720AE5EE}.Release|Any CPU.Build.0 = Release|Any CPU
		{6CCA4C62-D076-49D1-8A4F-680E720AE5EE}.Release|x64.ActiveCfg = Release|Any CPU
		{6CCA4C62-D076-49D1-8A4F-680E720AE5EE}.Release|x64.Build.0 = Release|Any CPU
		{6CCA4C62-D076-49D1-8A4F-680E720AE5EE}.Release|x86.ActiveCfg = Release|Any CPU
		{6CCA4C62-D076-49D1-8A4F-680E720AE5EE}.Release|x86.Build.0 = Release|Any CPU
		{8009F28F-81E3-4BEB-9BEC-BC67F7FB742F}.Debug|Any CPU.ActiveCfg = Debug|Any CPU
		{8009F28F-81E3-4BEB-9BEC-BC67F7FB742F}.Debug|Any CPU.Build.0 = Debug|Any CPU
		{8009F28F-81E3-4BEB-9BEC-BC67F7FB742F}.Debug|x64.ActiveCfg = Debug|Any CPU
		{8009F28F-81E3-4BEB-9BEC-BC67F7FB742F}.Debug|x64.Build.0 = Debug|Any CPU
		{8009F28F-81E3-4BEB-9BEC-BC67F7FB742F}.Debug|x86.ActiveCfg = Debug|Any CPU
		{8009F28F-81E3-4BEB-9BEC-BC67F7FB742F}.Debug|x86.Build.0 = Debug|Any CPU
		{8009F28F-81E3-4BEB-9BEC-BC67F7FB742F}.Release|Any CPU.ActiveCfg = Release|Any CPU
		{8009F28F-81E3-4BEB-9BEC-BC67F7FB742F}.Release|Any CPU.Build.0 = Release|Any CPU
		{8009F28F-81E3-4BEB-9BEC-BC67F7FB742F}.Release|x64.ActiveCfg = Release|Any CPU
		{8009F28F-81E3-4BEB-9BEC-BC67F7FB742F}.Release|x64.Build.0 = Release|Any CPU
		{8009F28F-81E3-4BEB-9BEC-BC67F7FB742F}.Release|x86.ActiveCfg = Release|Any CPU
		{8009F28F-81E3-4BEB-9BEC-BC67F7FB742F}.Release|x86.Build.0 = Release|Any CPU
	EndGlobalSection
	GlobalSection(SolutionProperties) = preSolution
		HideSolutionNode = FALSE
	EndGlobalSection
	GlobalSection(NestedProjects) = preSolution
		{5DF8019C-C9FB-4209-AC86-BFD03CD20882} = {7B94DD52-F2D2-4197-BE3D-645183BE95D9}
		{5CA5B800-9195-4932-B835-4A3593275604} = {7B94DD52-F2D2-4197-BE3D-645183BE95D9}
		{6CCA4C62-D076-49D1-8A4F-680E720AE5EE} = {7B94DD52-F2D2-4197-BE3D-645183BE95D9}
		{8009F28F-81E3-4BEB-9BEC-BC67F7FB742F} = {7B94DD52-F2D2-4197-BE3D-645183BE95D9}
	EndGlobalSection
	GlobalSection(ExtensibilityGlobals) = postSolution
		SolutionGuid = {490EA349-0174-4DE2-AF56-A4705F9ED1BB}
	EndGlobalSection
EndGlobal
